// !$*UTF8*$!
{
	archiveVersion = 1;
	classes = {
	};
	objectVersion = 56;
	objects = {

/* Begin PBXBuildFile section */
		0D46DB542B094F9900AC1F18 /* AppDelegate.swift in Sources */ = {isa = PBXBuildFile; fileRef = 0D46DB532B094F9900AC1F18 /* AppDelegate.swift */; };
		0D46DB562B094F9900AC1F18 /* SceneDelegate.swift in Sources */ = {isa = PBXBuildFile; fileRef = 0D46DB552B094F9900AC1F18 /* SceneDelegate.swift */; };
		0D46DB5B2B094F9900AC1F18 /* Main.storyboard in Resources */ = {isa = PBXBuildFile; fileRef = 0D46DB592B094F9900AC1F18 /* Main.storyboard */; };
		0D46DB5D2B094F9A00AC1F18 /* Assets.xcassets in Resources */ = {isa = PBXBuildFile; fileRef = 0D46DB5C2B094F9A00AC1F18 /* Assets.xcassets */; };
		0D46DB602B094F9A00AC1F18 /* LaunchScreen.storyboard in Resources */ = {isa = PBXBuildFile; fileRef = 0D46DB5E2B094F9A00AC1F18 /* LaunchScreen.storyboard */; };
		0D46DB682B0953E600AC1F18 /* PageViewController.swift in Sources */ = {isa = PBXBuildFile; fileRef = 0D46DB672B0953E600AC1F18 /* PageViewController.swift */; };
		0D46DB6A2B09540400AC1F18 /* ContentViewController.swift in Sources */ = {isa = PBXBuildFile; fileRef = 0D46DB692B09540400AC1F18 /* ContentViewController.swift */; };
		0D46DB6C2B0954DB00AC1F18 /* SectionViewController.swift in Sources */ = {isa = PBXBuildFile; fileRef = 0D46DB6B2B0954DB00AC1F18 /* SectionViewController.swift */; };
		0D46DB6E2B0A04C600AC1F18 /* Exercice.swift in Sources */ = {isa = PBXBuildFile; fileRef = 0D46DB6D2B0A04C600AC1F18 /* Exercice.swift */; };
		0D46DB702B0A0FA300AC1F18 /* TableViewController.swift in Sources */ = {isa = PBXBuildFile; fileRef = 0D46DB6F2B0A0FA300AC1F18 /* TableViewController.swift */; };
/* End PBXBuildFile section */

/* Begin PBXFileReference section */
		0D46DB502B094F9900AC1F18 /* HowToExercite.app */ = {isa = PBXFileReference; explicitFileType = wrapper.application; includeInIndex = 0; path = HowToExercite.app; sourceTree = BUILT_PRODUCTS_DIR; };
		0D46DB532B094F9900AC1F18 /* AppDelegate.swift */ = {isa = PBXFileReference; lastKnownFileType = sourcecode.swift; path = AppDelegate.swift; sourceTree = "<group>"; };
		0D46DB552B094F9900AC1F18 /* SceneDelegate.swift */ = {isa = PBXFileReference; lastKnownFileType = sourcecode.swift; path = SceneDelegate.swift; sourceTree = "<group>"; };
		0D46DB5A2B094F9900AC1F18 /* Base */ = {isa = PBXFileReference; lastKnownFileType = file.storyboard; name = Base; path = Base.lproj/Main.storyboard; sourceTree = "<group>"; };
		0D46DB5C2B094F9A00AC1F18 /* Assets.xcassets */ = {isa = PBXFileReference; lastKnownFileType = folder.assetcatalog; path = Assets.xcassets; sourceTree = "<group>"; };
		0D46DB5F2B094F9A00AC1F18 /* Base */ = {isa = PBXFileReference; lastKnownFileType = file.storyboard; name = Base; path = Base.lproj/LaunchScreen.storyboard; sourceTree = "<group>"; };
		0D46DB612B094F9A00AC1F18 /* Info.plist */ = {isa = PBXFileReference; lastKnownFileType = text.plist.xml; path = Info.plist; sourceTree = "<group>"; };
		0D46DB672B0953E600AC1F18 /* PageViewController.swift */ = {isa = PBXFileReference; lastKnownFileType = sourcecode.swift; path = PageViewController.swift; sourceTree = "<group>"; };
		0D46DB692B09540400AC1F18 /* ContentViewController.swift */ = {isa = PBXFileReference; lastKnownFileType = sourcecode.swift; path = ContentViewController.swift; sourceTree = "<group>"; };
		0D46DB6B2B0954DB00AC1F18 /* SectionViewController.swift */ = {isa = PBXFileReference; lastKnownFileType = sourcecode.swift; path = SectionViewController.swift; sourceTree = "<group>"; };
		0D46DB6D2B0A04C600AC1F18 /* Exercice.swift */ = {isa = PBXFileReference; lastKnownFileType = sourcecode.swift; path = Exercice.swift; sourceTree = "<group>"; };
		0D46DB6F2B0A0FA300AC1F18 /* TableViewController.swift */ = {isa = PBXFileReference; lastKnownFileType = sourcecode.swift; path = TableViewController.swift; sourceTree = "<group>"; };
/* End PBXFileReference section */

/* Begin PBXFrameworksBuildPhase section */
		0D46DB4D2B094F9900AC1F18 /* Frameworks */ = {
			isa = PBXFrameworksBuildPhase;
			buildActionMask = 2147483647;
			files = (
			);
			runOnlyForDeploymentPostprocessing = 0;
		};
/* End PBXFrameworksBuildPhase section */

/* Begin PBXGroup section */
		0D46DB472B094F9900AC1F18 = {
			isa = PBXGroup;
			children = (
				0D46DB522B094F9900AC1F18 /* HowToExercite */,
				0D46DB512B094F9900AC1F18 /* Products */,
			);
			sourceTree = "<group>";
		};
		0D46DB512B094F9900AC1F18 /* Products */ = {
			isa = PBXGroup;
			children = (
				0D46DB502B094F9900AC1F18 /* HowToExercite.app */,
			);
			name = Products;
			sourceTree = "<group>";
		};
		0D46DB522B094F9900AC1F18 /* HowToExercite */ = {
			isa = PBXGroup;
			children = (
				0D46DB532B094F9900AC1F18 /* AppDelegate.swift */,
				0D46DB552B094F9900AC1F18 /* SceneDelegate.swift */,
				0D46DB592B094F9900AC1F18 /* Main.storyboard */,
				0D46DB6F2B0A0FA300AC1F18 /* TableViewController.swift */,
				0D46DB6D2B0A04C600AC1F18 /* Exercice.swift */,
				0D46DB6B2B0954DB00AC1F18 /* SectionViewController.swift */,
				0D46DB692B09540400AC1F18 /* ContentViewController.swift */,
				0D46DB672B0953E600AC1F18 /* PageViewController.swift */,
				0D46DB5C2B094F9A00AC1F18 /* Assets.xcassets */,
				0D46DB5E2B094F9A00AC1F18 /* LaunchScreen.storyboard */,
				0D46DB612B094F9A00AC1F18 /* Info.plist */,
			);
			path = HowToExercite;
			sourceTree = "<group>";
		};
/* End PBXGroup section */

/* Begin PBXNativeTarget section */
		0D46DB4F2B094F9900AC1F18 /* HowToExercite */ = {
			isa = PBXNativeTarget;
			buildConfigurationList = 0D46DB642B094F9A00AC1F18 /* Build configuration list for PBXNativeTarget "HowToExercite" */;
			buildPhases = (
				0D46DB4C2B094F9900AC1F18 /* Sources */,
				0D46DB4D2B094F9900AC1F18 /* Frameworks */,
				0D46DB4E2B094F9900AC1F18 /* Resources */,
			);
			buildRules = (
			);
			dependencies = (
			);
			name = HowToExercite;
			productName = HowToExercite;
			productReference = 0D46DB502B094F9900AC1F18 /* HowToExercite.app */;
			productType = "com.apple.product-type.application";
		};
/* End PBXNativeTarget section */

/* Begin PBXProject section */
		0D46DB482B094F9900AC1F18 /* Project object */ = {
			isa = PBXProject;
			attributes = {
				BuildIndependentTargetsInParallel = 1;
				LastSwiftUpdateCheck = 1500;
				LastUpgradeCheck = 1500;
				TargetAttributes = {
					0D46DB4F2B094F9900AC1F18 = {
						CreatedOnToolsVersion = 15.0.1;
					};
				};
			};
			buildConfigurationList = 0D46DB4B2B094F9900AC1F18 /* Build configuration list for PBXProject "HowToExercite" */;
			compatibilityVersion = "Xcode 14.0";
			developmentRegion = en;
			hasScannedForEncodings = 0;
			knownRegions = (
				en,
				Base,
			);
			mainGroup = 0D46DB472B094F9900AC1F18;
			productRefGroup = 0D46DB512B094F9900AC1F18 /* Products */;
			projectDirPath = "";
			projectRoot = "";
			targets = (
				0D46DB4F2B094F9900AC1F18 /* HowToExercite */,
			);
		};
/* End PBXProject section */

/* Begin PBXResourcesBuildPhase section */
		0D46DB4E2B094F9900AC1F18 /* Resources */ = {
			isa = PBXResourcesBuildPhase;
			buildActionMask = 2147483647;
			files = (
				0D46DB602B094F9A00AC1F18 /* LaunchScreen.storyboard in Resources */,
				0D46DB5D2B094F9A00AC1F18 /* Assets.xcassets in Resources */,
				0D46DB5B2B094F9900AC1F18 /* Main.storyboard in Resources */,
			);
			runOnlyForDeploymentPostprocessing = 0;
		};
/* End PBXResourcesBuildPhase section */

/* Begin PBXSourcesBuildPhase section */
		0D46DB4C2B094F9900AC1F18 /* Sources */ = {
			isa = PBXSourcesBuildPhase;
			buildActionMask = 2147483647;
			files = (
				0D46DB6A2B09540400AC1F18 /* ContentViewController.swift in Sources */,
				0D46DB702B0A0FA300AC1F18 /* TableViewController.swift in Sources */,
				0D46DB6C2B0954DB00AC1F18 /* SectionViewController.swift in Sources */,
				0D46DB682B0953E600AC1F18 /* PageViewController.swift in Sources */,
				0D46DB6E2B0A04C600AC1F18 /* Exercice.swift in Sources */,
				0D46DB542B094F9900AC1F18 /* AppDelegate.swift in Sources */,
				0D46DB562B094F9900AC1F18 /* SceneDelegate.swift in Sources */,
			);
			runOnlyForDeploymentPostprocessing = 0;
		};
/* End PBXSourcesBuildPhase section */

/* Begin PBXVariantGroup section */
		0D46DB592B094F9900AC1F18 /* Main.storyboard */ = {
			isa = PBXVariantGroup;
			children = (
				0D46DB5A2B094F9900AC1F18 /* Base */,
			);
			name = Main.storyboard;
			sourceTree = "<group>";
		};
		0D46DB5E2B094F9A00AC1F18 /* LaunchScreen.storyboard */ = {
			isa = PBXVariantGroup;
			children = (
				0D46DB5F2B094F9A00AC1F18 /* Base */,
			);
			name = LaunchScreen.storyboard;
			sourceTree = "<group>";
		};
/* End PBXVariantGroup section */

/* Begin XCBuildConfiguration section */
		0D46DB622B094F9A00AC1F18 /* Debug */ = {
			isa = XCBuildConfiguration;
			buildSettings = {
				ALWAYS_SEARCH_USER_PATHS = NO;
				ASSETCATALOG_COMPILER_GENERATE_SWIFT_ASSET_SYMBOL_EXTENSIONS = YES;
				CLANG_ANALYZER_NONNULL = YES;
				CLANG_ANALYZER_NUMBER_OBJECT_CONVERSION = YES_AGGRESSIVE;
				CLANG_CXX_LANGUAGE_STANDARD = "gnu++20";
				CLANG_ENABLE_MODULES = YES;
				CLANG_ENABLE_OBJC_ARC = YES;
				CLANG_ENABLE_OBJC_WEAK = YES;
				CLANG_WARN_BLOCK_CAPTURE_AUTORELEASING = YES;
				CLANG_WARN_BOOL_CONVERSION = YES;
				CLANG_WARN_COMMA = YES;
				CLANG_WARN_CONSTANT_CONVERSION = YES;
				CLANG_WARN_DEPRECATED_OBJC_IMPLEMENTATIONS = YES;
				CLANG_WARN_DIRECT_OBJC_ISA_USAGE = YES_ERROR;
				CLANG_WARN_DOCUMENTATION_COMMENTS = YES;
				CLANG_WARN_EMPTY_BODY = YES;
				CLANG_WARN_ENUM_CONVERSION = YES;
				CLANG_WARN_INFINITE_RECURSION = YES;
				CLANG_WARN_INT_CONVERSION = YES;
				CLANG_WARN_NON_LITERAL_NULL_CONVERSION = YES;
				CLANG_WARN_OBJC_IMPLICIT_RETAIN_SELF = YES;
				CLANG_WARN_OBJC_LITERAL_CONVERSION = YES;
				CLANG_WARN_OBJC_ROOT_CLASS = YES_ERROR;
				CLANG_WARN_QUOTED_INCLUDE_IN_FRAMEWORK_HEADER = YES;
				CLANG_WARN_RANGE_LOOP_ANALYSIS = YES;
				CLANG_WARN_STRICT_PROTOTYPES = YES;
				CLANG_WARN_SUSPICIOUS_MOVE = YES;
				CLANG_WARN_UNGUARDED_AVAILABILITY = YES_AGGRESSIVE;
				CLANG_WARN_UNREACHABLE_CODE = YES;
				CLANG_WARN__DUPLICATE_METHOD_MATCH = YES;
				COPY_PHASE_STRIP = NO;
				DEBUG_INFORMATION_FORMAT = dwarf;
				ENABLE_STRICT_OBJC_MSGSEND = YES;
				ENABLE_TESTABILITY = YES;
				ENABLE_USER_SCRIPT_SANDBOXING = YES;
				GCC_C_LANGUAGE_STANDARD = gnu17;
				GCC_DYNAMIC_NO_PIC = NO;
				GCC_NO_COMMON_BLOCKS = YES;
				GCC_OPTIMIZATION_LEVEL = 0;
				GCC_PREPROCESSOR_DEFINITIONS = (
					"DEBUG=1",
					"$(inherited)",
				);
				GCC_WARN_64_TO_32_BIT_CONVERSION = YES;
				GCC_WARN_ABOUT_RETURN_TYPE = YES_ERROR;
				GCC_WARN_UNDECLARED_SELECTOR = YES;
				GCC_WARN_UNINITIALIZED_AUTOS = YES_AGGRESSIVE;
				GCC_WARN_UNUSED_FUNCTION = YES;
				GCC_WARN_UNUSED_VARIABLE = YES;
				IPHONEOS_DEPLOYMENT_TARGET = 17.0;
				LOCALIZATION_PREFERS_STRING_CATALOGS = YES;
				MTL_ENABLE_DEBUG_INFO = INCLUDE_SOURCE;
				MTL_FAST_MATH = YES;
				ONLY_ACTIVE_ARCH = YES;
				SDKROOT = iphoneos;
				SWIFT_ACTIVE_COMPILATION_CONDITIONS = "DEBUG $(inherited)";
				SWIFT_OPTIMIZATION_LEVEL = "-Onone";
			};
			name = Debug;
		};
		0D46DB632B094F9A00AC1F18 /* Release */ = {
			isa = XCBuildConfiguration;
			buildSettings = {
				ALWAYS_SEARCH_USER_PATHS = NO;
				ASSETCATALOG_COMPILER_GENERATE_SWIFT_ASSET_SYMBOL_EXTENSIONS = YES;
				CLANG_ANALYZER_NONNULL = YES;
				CLANG_ANALYZER_NUMBER_OBJECT_CONVERSION = YES_AGGRESSIVE;
				CLANG_CXX_LANGUAGE_STANDARD = "gnu++20";
				CLANG_ENABLE_MODULES = YES;
				CLANG_ENABLE_OBJC_ARC = YES;
				CLANG_ENABLE_OBJC_WEAK = YES;
				CLANG_WARN_BLOCK_CAPTURE_AUTORELEASING = YES;
				CLANG_WARN_BOOL_CONVERSION = YES;
				CLANG_WARN_COMMA = YES;
				CLANG_WARN_CONSTANT_CONVERSION = YES;
				CLANG_WARN_DEPRECATED_OBJC_IMPLEMENTATIONS = YES;
				CLANG_WARN_DIRECT_OBJC_ISA_USAGE = YES_ERROR;
				CLANG_WARN_DOCUMENTATION_COMMENTS = YES;
				CLANG_WARN_EMPTY_BODY = YES;
				CLANG_WARN_ENUM_CONVERSION = YES;
				CLANG_WARN_INFINITE_RECURSION = YES;
				CLANG_WARN_INT_CONVERSION = YES;
				CLANG_WARN_NON_LITERAL_NULL_CONVERSION = YES;
				CLANG_WARN_OBJC_IMPLICIT_RETAIN_SELF = YES;
				CLANG_WARN_OBJC_LITERAL_CONVERSION = YES;
				CLANG_WARN_OBJC_ROOT_CLASS = YES_ERROR;
				CLANG_WARN_QUOTED_INCLUDE_IN_FRAMEWORK_HEADER = YES;
				CLANG_WARN_RANGE_LOOP_ANALYSIS = YES;
				CLANG_WARN_STRICT_PROTOTYPES = YES;
				CLANG_WARN_SUSPICIOUS_MOVE = YES;
				CLANG_WARN_UNGUARDED_AVAILABILITY = YES_AGGRESSIVE;
				CLANG_WARN_UNREACHABLE_CODE = YES;
				CLANG_WARN__DUPLICATE_METHOD_MATCH = YES;
				COPY_PHASE_STRIP = NO;
				DEBUG_INFORMATION_FORMAT = "dwarf-with-dsym";
				ENABLE_NS_ASSERTIONS = NO;
				ENABLE_STRICT_OBJC_MSGSEND = YES;
				ENABLE_USER_SCRIPT_SANDBOXING = YES;
				GCC_C_LANGUAGE_STANDARD = gnu17;
				GCC_NO_COMMON_BLOCKS = YES;
				GCC_WARN_64_TO_32_BIT_CONVERSION = YES;
				GCC_WARN_ABOUT_RETURN_TYPE = YES_ERROR;
				GCC_WARN_UNDECLARED_SELECTOR = YES;
				GCC_WARN_UNINITIALIZED_AUTOS = YES_AGGRESSIVE;
				GCC_WARN_UNUSED_FUNCTION = YES;
				GCC_WARN_UNUSED_VARIABLE = YES;
				IPHONEOS_DEPLOYMENT_TARGET = 17.0;
				LOCALIZATION_PREFERS_STRING_CATALOGS = YES;
				MTL_ENABLE_DEBUG_INFO = NO;
				MTL_FAST_MATH = YES;
				SDKROOT = iphoneos;
				SWIFT_COMPILATION_MODE = wholemodule;
				VALIDATE_PRODUCT = YES;
			};
			name = Release;
		};
		0D46DB652B094F9A00AC1F18 /* Debug */ = {
			isa = XCBuildConfiguration;
			buildSettings = {
				ASSETCATALOG_COMPILER_APPICON_NAME = AppIcon;
				ASSETCATALOG_COMPILER_GLOBAL_ACCENT_COLOR_NAME = AccentColor;
				CODE_SIGN_STYLE = Automatic;
				CURRENT_PROJECT_VERSION = 1;
				GENERATE_INFOPLIST_FILE = YES;
				INFOPLIST_FILE = HowToExercite/Info.plist;
				INFOPLIST_KEY_UIApplicationSupportsIndirectInputEvents = YES;
				INFOPLIST_KEY_UILaunchStoryboardName = LaunchScreen;
				INFOPLIST_KEY_UIMainStoryboardFile = Main;
				INFOPLIST_KEY_UISupportedInterfaceOrientations_iPad = "UIInterfaceOrientationPortrait UIInterfaceOrientationPortraitUpsideDown UIInterfaceOrientationLandscapeLeft UIInterfaceOrientationLandscapeRight";
				INFOPLIST_KEY_UISupportedInterfaceOrientations_iPhone = "UIInterfaceOrientationPortrait UIInterfaceOrientationLandscapeLeft UIInterfaceOrientationLandscapeRight";
				IPHONEOS_DEPLOYMENT_TARGET = 16.0;
				LD_RUNPATH_SEARCH_PATHS = (
					"$(inherited)",
					"@executable_path/Frameworks",
				);
				MARKETING_VERSION = 1.0;
				PRODUCT_BUNDLE_IDENTIFIER = es.eps.ua.HowToExercite;
				PRODUCT_NAME = "$(TARGET_NAME)";
				SWIFT_EMIT_LOC_STRINGS = YES;
				SWIFT_VERSION = 5.0;
				TARGETED_DEVICE_FAMILY = "1,2";
			};
			name = Debug;
		};
		0D46DB662B094F9A00AC1F18 /* Release */ = {
			isa = XCBuildConfiguration;
			buildSettings = {
				ASSETCATALOG_COMPILER_APPICON_NAME = AppIcon;
				ASSETCATALOG_COMPILER_GLOBAL_ACCENT_COLOR_NAME = AccentColor;
				CODE_SIGN_STYLE = Automatic;
				CURRENT_PROJECT_VERSION = 1;
				GENERATE_INFOPLIST_FILE = YES;
				INFOPLIST_FILE = HowToExercite/Info.plist;
				INFOPLIST_KEY_UIApplicationSupportsIndirectInputEvents = YES;
				INFOPLIST_KEY_UILaunchStoryboardName = LaunchScreen;
				INFOPLIST_KEY_UIMainStoryboardFile = Main;
				INFOPLIST_KEY_UISupportedInterfaceOrientations_iPad = "UIInterfaceOrientationPortrait UIInterfaceOrientationPortraitUpsideDown UIInterfaceOrientationLandscapeLeft UIInterfaceOrientationLandscapeRight";
				INFOPLIST_KEY_UISupportedInterfaceOrientations_iPhone = "UIInterfaceOrientationPortrait UIInterfaceOrientationLandscapeLeft UIInterfaceOrientationLandscapeRight";
				IPHONEOS_DEPLOYMENT_TARGET = 16.0;
				LD_RUNPATH_SEARCH_PATHS = (
					"$(inherited)",
					"@executable_path/Frameworks",
				);
				MARKETING_VERSION = 1.0;
				PRODUCT_BUNDLE_IDENTIFIER = es.eps.ua.HowToExercite;
				PRODUCT_NAME = "$(TARGET_NAME)";
				SWIFT_EMIT_LOC_STRINGS = YES;
				SWIFT_VERSION = 5.0;
				TARGETED_DEVICE_FAMILY = "1,2";
			};
			name = Release;
		};
/* End XCBuildConfiguration section */

/* Begin XCConfigurationList section */
		0D46DB4B2B094F9900AC1F18 /* Build configuration list for PBXProject "HowToExercite" */ = {
			isa = XCConfigurationList;
			buildConfigurations = (
				0D46DB622B094F9A00AC1F18 /* Debug */,
				0D46DB632B094F9A00AC1F18 /* Release */,
			);
			defaultConfigurationIsVisible = 0;
			defaultConfigurationName = Release;
		};
		0D46DB642B094F9A00AC1F18 /* Build configuration list for PBXNativeTarget "HowToExercite" */ = {
			isa = XCConfigurationList;
			buildConfigurations = (
				0D46DB652B094F9A00AC1F18 /* Debug */,
				0D46DB662B094F9A00AC1F18 /* Release */,
			);
			defaultConfigurationIsVisible = 0;
			defaultConfigurationName = Release;
		};
/* End XCConfigurationList section */
	};
	rootObject = 0D46DB482B094F9900AC1F18 /* Project object */;
}
